// !$*UTF8*$!
{
	archiveVersion = 1;
	classes = {
	};
	objectVersion = 50;
	objects = {

/* Begin PBXBuildFile section */
		540D454B2345CB680071BEBA /* TrendingVC.swift in Sources */ = {isa = PBXBuildFile; fileRef = 540D454A2345CB680071BEBA /* TrendingVC.swift */; };
		540D454D2345CE2C0071BEBA /* SubscriptionsVC.swift in Sources */ = {isa = PBXBuildFile; fileRef = 540D454C2345CE2C0071BEBA /* SubscriptionsVC.swift */; };
		540D454F2345CEAD0071BEBA /* SubscriptionsCVCell.swift in Sources */ = {isa = PBXBuildFile; fileRef = 540D454E2345CEAD0071BEBA /* SubscriptionsCVCell.swift */; };
		540D45512345F89A0071BEBA /* Video.swift in Sources */ = {isa = PBXBuildFile; fileRef = 540D45502345F89A0071BEBA /* Video.swift */; };
		540D45532345F96C0071BEBA /* HomeVM.swift in Sources */ = {isa = PBXBuildFile; fileRef = 540D45522345F96C0071BEBA /* HomeVM.swift */; };
		5476307E2341FDC2000BF9F7 /* AppDelegate.swift in Sources */ = {isa = PBXBuildFile; fileRef = 5476307D2341FDC2000BF9F7 /* AppDelegate.swift */; };
		547630832341FDC2000BF9F7 /* Main.storyboard in Resources */ = {isa = PBXBuildFile; fileRef = 547630812341FDC2000BF9F7 /* Main.storyboard */; };
		547630852341FDC3000BF9F7 /* Assets.xcassets in Resources */ = {isa = PBXBuildFile; fileRef = 547630842341FDC3000BF9F7 /* Assets.xcassets */; };
		547630882341FDC3000BF9F7 /* LaunchScreen.storyboard in Resources */ = {isa = PBXBuildFile; fileRef = 547630862341FDC3000BF9F7 /* LaunchScreen.storyboard */; };
		547630932341FF04000BF9F7 /* BaseVC.swift in Sources */ = {isa = PBXBuildFile; fileRef = 547630922341FF04000BF9F7 /* BaseVC.swift */; };
		547630952341FF14000BF9F7 /* BaseVM.swift in Sources */ = {isa = PBXBuildFile; fileRef = 547630942341FF14000BF9F7 /* BaseVM.swift */; };
		547630972341FF2A000BF9F7 /* HomeVC.swift in Sources */ = {isa = PBXBuildFile; fileRef = 547630962341FF29000BF9F7 /* HomeVC.swift */; };
		5476309923420131000BF9F7 /* BaseCVCell.swift in Sources */ = {isa = PBXBuildFile; fileRef = 5476309823420131000BF9F7 /* BaseCVCell.swift */; };
		5476309B23420151000BF9F7 /* HomeCVCell.swift in Sources */ = {isa = PBXBuildFile; fileRef = 5476309A23420151000BF9F7 /* HomeCVCell.swift */; };
/* End PBXBuildFile section */

/* Begin PBXFileReference section */
		540D454A2345CB680071BEBA /* TrendingVC.swift */ = {isa = PBXFileReference; lastKnownFileType = sourcecode.swift; path = TrendingVC.swift; sourceTree = "<group>"; };
		540D454C2345CE2C0071BEBA /* SubscriptionsVC.swift */ = {isa = PBXFileReference; lastKnownFileType = sourcecode.swift; path = SubscriptionsVC.swift; sourceTree = "<group>"; };
		540D454E2345CEAD0071BEBA /* SubscriptionsCVCell.swift */ = {isa = PBXFileReference; lastKnownFileType = sourcecode.swift; path = SubscriptionsCVCell.swift; sourceTree = "<group>"; };
		540D45502345F89A0071BEBA /* Video.swift */ = {isa = PBXFileReference; lastKnownFileType = sourcecode.swift; path = Video.swift; sourceTree = "<group>"; };
		540D45522345F96C0071BEBA /* HomeVM.swift */ = {isa = PBXFileReference; lastKnownFileType = sourcecode.swift; path = HomeVM.swift; sourceTree = "<group>"; };
		5476307A2341FDC2000BF9F7 /* YouTubeClone.app */ = {isa = PBXFileReference; explicitFileType = wrapper.application; includeInIndex = 0; path = YouTubeClone.app; sourceTree = BUILT_PRODUCTS_DIR; };
		5476307D2341FDC2000BF9F7 /* AppDelegate.swift */ = {isa = PBXFileReference; lastKnownFileType = sourcecode.swift; path = AppDelegate.swift; sourceTree = "<group>"; };
		547630822341FDC2000BF9F7 /* Base */ = {isa = PBXFileReference; lastKnownFileType = file.storyboard; name = Base; path = Base.lproj/Main.storyboard; sourceTree = "<group>"; };
		547630842341FDC3000BF9F7 /* Assets.xcassets */ = {isa = PBXFileReference; lastKnownFileType = folder.assetcatalog; path = Assets.xcassets; sourceTree = "<group>"; };
		547630872341FDC3000BF9F7 /* Base */ = {isa = PBXFileReference; lastKnownFileType = file.storyboard; name = Base; path = Base.lproj/LaunchScreen.storyboard; sourceTree = "<group>"; };
		547630892341FDC3000BF9F7 /* Info.plist */ = {isa = PBXFileReference; lastKnownFileType = text.plist.xml; path = Info.plist; sourceTree = "<group>"; };
		547630922341FF04000BF9F7 /* BaseVC.swift */ = {isa = PBXFileReference; lastKnownFileType = sourcecode.swift; path = BaseVC.swift; sourceTree = "<group>"; };
		547630942341FF14000BF9F7 /* BaseVM.swift */ = {isa = PBXFileReference; lastKnownFileType = sourcecode.swift; path = BaseVM.swift; sourceTree = "<group>"; };
		547630962341FF29000BF9F7 /* HomeVC.swift */ = {isa = PBXFileReference; lastKnownFileType = sourcecode.swift; path = HomeVC.swift; sourceTree = "<group>"; };
		5476309823420131000BF9F7 /* BaseCVCell.swift */ = {isa = PBXFileReference; lastKnownFileType = sourcecode.swift; path = BaseCVCell.swift; sourceTree = "<group>"; };
		5476309A23420151000BF9F7 /* HomeCVCell.swift */ = {isa = PBXFileReference; lastKnownFileType = sourcecode.swift; path = HomeCVCell.swift; sourceTree = "<group>"; };
/* End PBXFileReference section */

/* Begin PBXFrameworksBuildPhase section */
		547630772341FDC2000BF9F7 /* Frameworks */ = {
			isa = PBXFrameworksBuildPhase;
			buildActionMask = 2147483647;
			files = (
			);
			runOnlyForDeploymentPostprocessing = 0;
		};
/* End PBXFrameworksBuildPhase section */

/* Begin PBXGroup section */
		547630712341FDC2000BF9F7 = {
			isa = PBXGroup;
			children = (
				5476307C2341FDC2000BF9F7 /* YouTubeClone */,
				5476307B2341FDC2000BF9F7 /* Products */,
			);
			sourceTree = "<group>";
		};
		5476307B2341FDC2000BF9F7 /* Products */ = {
			isa = PBXGroup;
			children = (
				5476307A2341FDC2000BF9F7 /* YouTubeClone.app */,
			);
			name = Products;
			sourceTree = "<group>";
		};
		5476307C2341FDC2000BF9F7 /* YouTubeClone */ = {
			isa = PBXGroup;
			children = (
				547630912341FDE7000BF9F7 /* Model */,
				547630902341FDE3000BF9F7 /* View */,
				5476308F2341FDDC000BF9F7 /* View Model */,
				5476307D2341FDC2000BF9F7 /* AppDelegate.swift */,
				547630842341FDC3000BF9F7 /* Assets.xcassets */,
				547630892341FDC3000BF9F7 /* Info.plist */,
			);
			path = YouTubeClone;
			sourceTree = "<group>";
		};
		5476308F2341FDDC000BF9F7 /* View Model */ = {
			isa = PBXGroup;
			children = (
				547630942341FF14000BF9F7 /* BaseVM.swift */,
				540D45522345F96C0071BEBA /* HomeVM.swift */,
			);
			path = "View Model";
			sourceTree = "<group>";
		};
		547630902341FDE3000BF9F7 /* View */ = {
			isa = PBXGroup;
			children = (
				547630812341FDC2000BF9F7 /* Main.storyboard */,
				547630862341FDC3000BF9F7 /* LaunchScreen.storyboard */,
				547630922341FF04000BF9F7 /* BaseVC.swift */,
				547630962341FF29000BF9F7 /* HomeVC.swift */,
				5476309823420131000BF9F7 /* BaseCVCell.swift */,
				5476309A23420151000BF9F7 /* HomeCVCell.swift */,
				540D454A2345CB680071BEBA /* TrendingVC.swift */,
				540D454C2345CE2C0071BEBA /* SubscriptionsVC.swift */,
				540D454E2345CEAD0071BEBA /* SubscriptionsCVCell.swift */,
			);
			path = View;
			sourceTree = "<group>";
		};
		547630912341FDE7000BF9F7 /* Model */ = {
			isa = PBXGroup;
			children = (
				540D45502345F89A0071BEBA /* Video.swift */,
			);
			path = Model;
			sourceTree = "<group>";
		};
/* End PBXGroup section */

/* Begin PBXNativeTarget section */
		547630792341FDC2000BF9F7 /* YouTubeClone */ = {
			isa = PBXNativeTarget;
			buildConfigurationList = 5476308C2341FDC3000BF9F7 /* Build configuration list for PBXNativeTarget "YouTubeClone" */;
			buildPhases = (
				547630762341FDC2000BF9F7 /* Sources */,
				547630772341FDC2000BF9F7 /* Frameworks */,
				547630782341FDC2000BF9F7 /* Resources */,
			);
			buildRules = (
			);
			dependencies = (
			);
			name = YouTubeClone;
			productName = YouTubeClone;
			productReference = 5476307A2341FDC2000BF9F7 /* YouTubeClone.app */;
			productType = "com.apple.product-type.application";
		};
/* End PBXNativeTarget section */

/* Begin PBXProject section */
		547630722341FDC2000BF9F7 /* Project object */ = {
			isa = PBXProject;
			attributes = {
				LastSwiftUpdateCheck = 1030;
				LastUpgradeCheck = 1030;
				ORGANIZATIONNAME = "Sanath Kumar M S";
				TargetAttributes = {
					547630792341FDC2000BF9F7 = {
						CreatedOnToolsVersion = 10.3;
					};
				};
			};
			buildConfigurationList = 547630752341FDC2000BF9F7 /* Build configuration list for PBXProject "YouTubeClone" */;
			compatibilityVersion = "Xcode 9.3";
			developmentRegion = en;
			hasScannedForEncodings = 0;
			knownRegions = (
				en,
				Base,
			);
			mainGroup = 547630712341FDC2000BF9F7;
			productRefGroup = 5476307B2341FDC2000BF9F7 /* Products */;
			projectDirPath = "";
			projectRoot = "";
			targets = (
				547630792341FDC2000BF9F7 /* YouTubeClone */,
			);
		};
/* End PBXProject section */

/* Begin PBXResourcesBuildPhase section */
		547630782341FDC2000BF9F7 /* Resources */ = {
			isa = PBXResourcesBuildPhase;
			buildActionMask = 2147483647;
			files = (
				547630882341FDC3000BF9F7 /* LaunchScreen.storyboard in Resources */,
				547630852341FDC3000BF9F7 /* Assets.xcassets in Resources */,
				547630832341FDC2000BF9F7 /* Main.storyboard in Resources */,
			);
			runOnlyForDeploymentPostprocessing = 0;
		};
/* End PBXResourcesBuildPhase section */

/* Begin PBXSourcesBuildPhase section */
		547630762341FDC2000BF9F7 /* Sources */ = {
			isa = PBXSourcesBuildPhase;
			buildActionMask = 2147483647;
			files = (
				5476307E2341FDC2000BF9F7 /* AppDelegate.swift in Sources */,
				540D45532345F96C0071BEBA /* HomeVM.swift in Sources */,
				540D454F2345CEAD0071BEBA /* SubscriptionsCVCell.swift in Sources */,
				540D454D2345CE2C0071BEBA /* SubscriptionsVC.swift in Sources */,
				5476309923420131000BF9F7 /* BaseCVCell.swift in Sources */,
				547630972341FF2A000BF9F7 /* HomeVC.swift in Sources */,
				547630952341FF14000BF9F7 /* BaseVM.swift in Sources */,
				547630932341FF04000BF9F7 /* BaseVC.swift in Sources */,
				540D454B2345CB680071BEBA /* TrendingVC.swift in Sources */,
				5476309B23420151000BF9F7 /* HomeCVCell.swift in Sources */,
				540D45512345F89A0071BEBA /* Video.swift in Sources */,
			);
			runOnlyForDeploymentPostprocessing = 0;
		};
/* End PBXSourcesBuildPhase section */

/* Begin PBXVariantGroup section */
		547630812341FDC2000BF9F7 /* Main.storyboard */ = {
			isa = PBXVariantGroup;
			children = (
				547630822341FDC2000BF9F7 /* Base */,
			);
			name = Main.storyboard;
			sourceTree = "<group>";
		};
		547630862341FDC3000BF9F7 /* LaunchScreen.storyboard */ = {
			isa = PBXVariantGroup;
			children = (
				547630872341FDC3000BF9F7 /* Base */,
			);
			name = LaunchScreen.storyboard;
			sourceTree = "<group>";
		};
/* End PBXVariantGroup section */

/* Begin XCBuildConfiguration section */
		5476308A2341FDC3000BF9F7 /* Debug */ = {
			isa = XCBuildConfiguration;
			buildSettings = {
				ALWAYS_SEARCH_USER_PATHS = NO;
				CLANG_ANALYZER_NONNULL = YES;
				CLANG_ANALYZER_NUMBER_OBJECT_CONVERSION = YES_AGGRESSIVE;
				CLANG_CXX_LANGUAGE_STANDARD = "gnu++14";
				CLANG_CXX_LIBRARY = "libc++";
				CLANG_ENABLE_MODULES = YES;
				CLANG_ENABLE_OBJC_ARC = YES;
				CLANG_ENABLE_OBJC_WEAK = YES;
				CLANG_WARN_BLOCK_CAPTURE_AUTORELEASING = YES;
				CLANG_WARN_BOOL_CONVERSION = YES;
				CLANG_WARN_COMMA = YES;
				CLANG_WARN_CONSTANT_CONVERSION = YES;
				CLANG_WARN_DEPRECATED_OBJC_IMPLEMENTATIONS = YES;
				CLANG_WARN_DIRECT_OBJC_ISA_USAGE = YES_ERROR;
				CLANG_WARN_DOCUMENTATION_COMMENTS = YES;
				CLANG_WARN_EMPTY_BODY = YES;
				CLANG_WARN_ENUM_CONVERSION = YES;
				CLANG_WARN_INFINITE_RECURSION = YES;
				CLANG_WARN_INT_CONVERSION = YES;
				CLANG_WARN_NON_LITERAL_NULL_CONVERSION = YES;
				CLANG_WARN_OBJC_IMPLICIT_RETAIN_SELF = YES;
				CLANG_WARN_OBJC_LITERAL_CONVERSION = YES;
				CLANG_WARN_OBJC_ROOT_CLASS = YES_ERROR;
				CLANG_WARN_RANGE_LOOP_ANALYSIS = YES;
				CLANG_WARN_STRICT_PROTOTYPES = YES;
				CLANG_WARN_SUSPICIOUS_MOVE = YES;
				CLANG_WARN_UNGUARDED_AVAILABILITY = YES_AGGRESSIVE;
				CLANG_WARN_UNREACHABLE_CODE = YES;
				CLANG_WARN__DUPLICATE_METHOD_MATCH = YES;
				CODE_SIGN_IDENTITY = "iPhone Developer";
				COPY_PHASE_STRIP = NO;
				DEBUG_INFORMATION_FORMAT = dwarf;
				ENABLE_STRICT_OBJC_MSGSEND = YES;
				ENABLE_TESTABILITY = YES;
				GCC_C_LANGUAGE_STANDARD = gnu11;
				GCC_DYNAMIC_NO_PIC = NO;
				GCC_NO_COMMON_BLOCKS = YES;
				GCC_OPTIMIZATION_LEVEL = 0;
				GCC_PREPROCESSOR_DEFINITIONS = (
					"DEBUG=1",
					"$(inherited)",
				);
				GCC_WARN_64_TO_32_BIT_CONVERSION = YES;
				GCC_WARN_ABOUT_RETURN_TYPE = YES_ERROR;
				GCC_WARN_UNDECLARED_SELECTOR = YES;
				GCC_WARN_UNINITIALIZED_AUTOS = YES_AGGRESSIVE;
				GCC_WARN_UNUSED_FUNCTION = YES;
				GCC_WARN_UNUSED_VARIABLE = YES;
				IPHONEOS_DEPLOYMENT_TARGET = 12.4;
				MTL_ENABLE_DEBUG_INFO = INCLUDE_SOURCE;
				MTL_FAST_MATH = YES;
				ONLY_ACTIVE_ARCH = YES;
				SDKROOT = iphoneos;
				SWIFT_ACTIVE_COMPILATION_CONDITIONS = DEBUG;
				SWIFT_OPTIMIZATION_LEVEL = "-Onone";
			};
			name = Debug;
		};
		5476308B2341FDC3000BF9F7 /* Release */ = {
			isa = XCBuildConfiguration;
			buildSettings = {
				ALWAYS_SEARCH_USER_PATHS = NO;
				CLANG_ANALYZER_NONNULL = YES;
				CLANG_ANALYZER_NUMBER_OBJECT_CONVERSION = YES_AGGRESSIVE;
				CLANG_CXX_LANGUAGE_STANDARD = "gnu++14";
				CLANG_CXX_LIBRARY = "libc++";
				CLANG_ENABLE_MODULES = YES;
				CLANG_ENABLE_OBJC_ARC = YES;
				CLANG_ENABLE_OBJC_WEAK = YES;
				CLANG_WARN_BLOCK_CAPTURE_AUTORELEASING = YES;
				CLANG_WARN_BOOL_CONVERSION = YES;
				CLANG_WARN_COMMA = YES;
				CLANG_WARN_CONSTANT_CONVERSION = YES;
				CLANG_WARN_DEPRECATED_OBJC_IMPLEMENTATIONS = YES;
				CLANG_WARN_DIRECT_OBJC_ISA_USAGE = YES_ERROR;
				CLANG_WARN_DOCUMENTATION_COMMENTS = YES;
				CLANG_WARN_EMPTY_BODY = YES;
				CLANG_WARN_ENUM_CONVERSION = YES;
				CLANG_WARN_INFINITE_RECURSION = YES;
				CLANG_WARN_INT_CONVERSION = YES;
				CLANG_WARN_NON_LITERAL_NULL_CONVERSION = YES;
				CLANG_WARN_OBJC_IMPLICIT_RETAIN_SELF = YES;
				CLANG_WARN_OBJC_LITERAL_CONVERSION = YES;
				CLANG_WARN_OBJC_ROOT_CLASS = YES_ERROR;
				CLANG_WARN_RANGE_LOOP_ANALYSIS = YES;
				CLANG_WARN_STRICT_PROTOTYPES = YES;
				CLANG_WARN_SUSPICIOUS_MOVE = YES;
				CLANG_WARN_UNGUARDED_AVAILABILITY = YES_AGGRESSIVE;
				CLANG_WARN_UNREACHABLE_CODE = YES;
				CLANG_WARN__DUPLICATE_METHOD_MATCH = YES;
				CODE_SIGN_IDENTITY = "iPhone Developer";
				COPY_PHASE_STRIP = NO;
				DEBUG_INFORMATION_FORMAT = "dwarf-with-dsym";
				ENABLE_NS_ASSERTIONS = NO;
				ENABLE_STRICT_OBJC_MSGSEND = YES;
				GCC_C_LANGUAGE_STANDARD = gnu11;
				GCC_NO_COMMON_BLOCKS = YES;
				GCC_WARN_64_TO_32_BIT_CONVERSION = YES;
				GCC_WARN_ABOUT_RETURN_TYPE = YES_ERROR;
				GCC_WARN_UNDECLARED_SELECTOR = YES;
				GCC_WARN_UNINITIALIZED_AUTOS = YES_AGGRESSIVE;
				GCC_WARN_UNUSED_FUNCTION = YES;
				GCC_WARN_UNUSED_VARIABLE = YES;
				IPHONEOS_DEPLOYMENT_TARGET = 12.4;
				MTL_ENABLE_DEBUG_INFO = NO;
				MTL_FAST_MATH = YES;
				SDKROOT = iphoneos;
				SWIFT_COMPILATION_MODE = wholemodule;
				SWIFT_OPTIMIZATION_LEVEL = "-O";
				VALIDATE_PRODUCT = YES;
			};
			name = Release;
		};
		5476308D2341FDC3000BF9F7 /* Debug */ = {
			isa = XCBuildConfiguration;
			buildSettings = {
				ASSETCATALOG_COMPILER_APPICON_NAME = AppIcon;
				CODE_SIGN_STYLE = Automatic;
				INFOPLIST_FILE = YouTubeClone/Info.plist;
				LD_RUNPATH_SEARCH_PATHS = (
					"$(inherited)",
					"@executable_path/Frameworks",
				);
				PRODUCT_BUNDLE_IDENTIFIER = com.yml.YouTubeClone;
				PRODUCT_NAME = "$(TARGET_NAME)";
				SWIFT_VERSION = 5.0;
				TARGETED_DEVICE_FAMILY = "1,2";
			};
			name = Debug;
		};
		5476308E2341FDC3000BF9F7 /* Release */ = {
			isa = XCBuildConfiguration;
			buildSettings = {
				ASSETCATALOG_COMPILER_APPICON_NAME = AppIcon;
				CODE_SIGN_STYLE = Automatic;
				INFOPLIST_FILE = YouTubeClone/Info.plist;
				LD_RUNPATH_SEARCH_PATHS = (
					"$(inherited)",
					"@executable_path/Frameworks",
				);
				PRODUCT_BUNDLE_IDENTIFIER = com.yml.YouTubeClone;
				PRODUCT_NAME = "$(TARGET_NAME)";
				SWIFT_VERSION = 5.0;
				TARGETED_DEVICE_FAMILY = "1,2";
			};
			name = Release;
		};
/* End XCBuildConfiguration section */

/* Begin XCConfigurationList section */
		547630752341FDC2000BF9F7 /* Build configuration list for PBXProject "YouTubeClone" */ = {
			isa = XCConfigurationList;
			buildConfigurations = (
				5476308A2341FDC3000BF9F7 /* Debug */,
				5476308B2341FDC3000BF9F7 /* Release */,
			);
			defaultConfigurationIsVisible = 0;
			defaultConfigurationName = Release;
		};
		5476308C2341FDC3000BF9F7 /* Build configuration list for PBXNativeTarget "YouTubeClone" */ = {
			isa = XCConfigurationList;
			buildConfigurations = (
				5476308D2341FDC3000BF9F7 /* Debug */,
				5476308E2341FDC3000BF9F7 /* Release */,
			);
			defaultConfigurationIsVisible = 0;
			defaultConfigurationName = Release;
		};
/* End XCConfigurationList section */
	};
	rootObject = 547630722341FDC2000BF9F7 /* Project object */;
}
